
Microsoft Visual Studio Solution File, Format Version 12.00
# Visual Studio Version 17
VisualStudioVersion = 17.5.33530.505
MinimumVisualStudioVersion = 10.0.40219.1
Project("{FAE04EC0-301F-11D3-BF4B-00C04F79EFBC}") = "UniversityApiBackend", "UniversityApiBackend\UniversityApiBackend.csproj", "{4700FFFD-4AAB-4D62-8189-B6CB3EEB5376}"
EndProject
Global
	GlobalSection(SolutionConfigurationPlatforms) = preSolution
		Debug|Any CPU = Debug|Any CPU
		Release|Any CPU = Release|Any CPU
	EndGlobalSection
	GlobalSection(ProjectConfigurationPlatforms) = postSolution
		{4700FFFD-4AAB-4D62-8189-B6CB3EEB5376}.Debug|Any CPU.ActiveCfg = Debug|Any CPU
		{4700FFFD-4AAB-4D62-8189-B6CB3EEB5376}.Debug|Any CPU.Build.0 = Debug|Any CPU
		{4700FFFD-4AAB-4D62-8189-B6CB3EEB5376}.Release|Any CPU.ActiveCfg = Release|Any CPU
		{4700FFFD-4AAB-4D62-8189-B6CB3EEB5376}.Release|Any CPU.Build.0 = Release|Any CPU
	EndGlobalSection
	GlobalSection(SolutionProperties) = preSolution
		HideSolutionNode = FALSE
	EndGlobalSection
	GlobalSection(ExtensibilityGlobals) = postSolution
		SolutionGuid = {DABE7085-8079-476C-B4AD-CC2B94A6828B}
	EndGlobalSection
EndGlobal
